
Microsoft Visual Studio Solution File, Format Version 12.00
# Visual Studio Version 16
VisualStudioVersion = 16.0.30717.126
MinimumVisualStudioVersion = 10.0.40219.1
Project("{FAE04EC0-301F-11D3-BF4B-00C04F79EFBC}") = "BookStore.WebApp", "BookStore.WebApp\BookStore.WebApp.csproj", "{38EAF85E-C8AD-4E7F-8669-D38FC3F4231E}"
EndProject
Project("{9A19103F-16F7-4668-BE54-9A1E7A4F7556}") = "BookStore.DataAccess", "..\..\antonio-project0\StoreApplication\StoreApplication.DataAccess\BookStore.DataAccess.csproj", "{5F58DE53-C223-4909-AAFC-90E157A79F67}"
EndProject
Project("{9A19103F-16F7-4668-BE54-9A1E7A4F7556}") = "StoreApplication.Library", "..\..\antonio-project0\StoreApplication\StoreApplication.Library\StoreApplication.Library.csproj", "{F65F8441-FC71-4A96-BB87-24FC50C30D13}"
EndProject
Project("{9A19103F-16F7-4668-BE54-9A1E7A4F7556}") = "StoreApplication.Tests", "..\..\antonio-project0\StoreApplication\StoreApplication.Tests\StoreApplication.Tests.csproj", "{58623F58-6D9F-4005-BF17-BBA676544C9D}"
EndProject
Global
	GlobalSection(SolutionConfigurationPlatforms) = preSolution
		Debug|Any CPU = Debug|Any CPU
		Release|Any CPU = Release|Any CPU
	EndGlobalSection
	GlobalSection(ProjectConfigurationPlatforms) = postSolution
		{38EAF85E-C8AD-4E7F-8669-D38FC3F4231E}.Debug|Any CPU.ActiveCfg = Debug|Any CPU
		{38EAF85E-C8AD-4E7F-8669-D38FC3F4231E}.Debug|Any CPU.Build.0 = Debug|Any CPU
		{38EAF85E-C8AD-4E7F-8669-D38FC3F4231E}.Release|Any CPU.ActiveCfg = Release|Any CPU
		{38EAF85E-C8AD-4E7F-8669-D38FC3F4231E}.Release|Any CPU.Build.0 = Release|Any CPU
		{5F58DE53-C223-4909-AAFC-90E157A79F67}.Debug|Any CPU.ActiveCfg = Debug|Any CPU
		{5F58DE53-C223-4909-AAFC-90E157A79F67}.Debug|Any CPU.Build.0 = Debug|Any CPU
		{5F58DE53-C223-4909-AAFC-90E157A79F67}.Release|Any CPU.ActiveCfg = Release|Any CPU
		{5F58DE53-C223-4909-AAFC-90E157A79F67}.Release|Any CPU.Build.0 = Release|Any CPU
		{F65F8441-FC71-4A96-BB87-24FC50C30D13}.Debug|Any CPU.ActiveCfg = Debug|Any CPU
		{F65F8441-FC71-4A96-BB87-24FC50C30D13}.Debug|Any CPU.Build.0 = Debug|Any CPU
		{F65F8441-FC71-4A96-BB87-24FC50C30D13}.Release|Any CPU.ActiveCfg = Release|Any CPU
		{F65F8441-FC71-4A96-BB87-24FC50C30D13}.Release|Any CPU.Build.0 = Release|Any CPU
		{58623F58-6D9F-4005-BF17-BBA676544C9D}.Debug|Any CPU.ActiveCfg = Debug|Any CPU
		{58623F58-6D9F-4005-BF17-BBA676544C9D}.Debug|Any CPU.Build.0 = Debug|Any CPU
		{58623F58-6D9F-4005-BF17-BBA676544C9D}.Release|Any CPU.ActiveCfg = Release|Any CPU
		{58623F58-6D9F-4005-BF17-BBA676544C9D}.Release|Any CPU.Build.0 = Release|Any CPU
	EndGlobalSection
	GlobalSection(SolutionProperties) = preSolution
		HideSolutionNode = FALSE
	EndGlobalSection
	GlobalSection(ExtensibilityGlobals) = postSolution
		SolutionGuid = {E5925C32-137F-4645-B3D2-74A2F24A1905}
	EndGlobalSection
EndGlobal
